
Microsoft Visual Studio Solution File, Format Version 12.00
# Visual Studio 2012
Project("{FAE04EC0-301F-11D3-BF4B-00C04F79EFBC}") = "NodeKinect2", "NodeKinect2.csproj", "{45E74F3D-BF70-4D92-9FDA-5A5809E638A6}"
EndProject
Global
	GlobalSection(SolutionConfigurationPlatforms) = preSolution
		Debug|Any CPU = Debug|Any CPU
		Release|Any CPU = Release|Any CPU
	EndGlobalSection
	GlobalSection(ProjectConfigurationPlatforms) = postSolution
		{45E74F3D-BF70-4D92-9FDA-5A5809E638A6}.Debug|Any CPU.ActiveCfg = Release|Any CPU
		{45E74F3D-BF70-4D92-9FDA-5A5809E638A6}.Debug|Any CPU.Build.0 = Release|Any CPU
		{45E74F3D-BF70-4D92-9FDA-5A5809E638A6}.Release|Any CPU.ActiveCfg = Release|Any CPU
		{45E74F3D-BF70-4D92-9FDA-5A5809E638A6}.Release|Any CPU.Build.0 = Release|Any CPU
	EndGlobalSection
	GlobalSection(SolutionProperties) = preSolution
		HideSolutionNode = FALSE
	EndGlobalSection
EndGlobal
